<?xml version="1.0" encoding="utf-8"?>
<Project ToolsVersion="4.0" xmlns="http://schemas.microsoft.com/developer/msbuild/2003">
  <ItemGroup>
    <Filter Include="Исходные файлы">
      <UniqueIdentifier>{4FC737F1-C7A5-4376-A066-2A32D752A2FF}</UniqueIdentifier>
      <Extensions>cpp;c;cc;cxx;def;odl;idl;hpj;bat;asm;asmx</Extensions>
    </Filter>
    <Filter Include="Файлы заголовков">
      <UniqueIdentifier>{93995380-89BD-4b04-88EB-625FBE52EBFB}</UniqueIdentifier>
      <Extensions>h;hh;hpp;hxx;hm;inl;inc;ipp;xsd</Extensions>
    </Filter>
    <Filter Include="Файлы ресурсов">
      <UniqueIdentifier>{67DA6AB6-F800-4c08-8B7A-83BB121AAD01}</UniqueIdentifier>
      <Extensions>rc;ico;cur;bmp;dlg;rc2;rct;bin;rgs;gif;jpg;jpeg;jpe;resx;tiff;tif;png;wav;mfcribbon-ms</Extensions>
    </Filter>
    <Filter Include="Исходные файлы\zbxcomms">
      <UniqueIdentifier>{c4b8f19f-9cbb-4b1b-b7a7-75c76cfbefb0}</UniqueIdentifier>
    </Filter>
    <Filter Include="Исходные файлы\zbxcompress">
      <UniqueIdentifier>{f85dd4bd-173b-4e12-b3b8-603a9fcce6c8}</UniqueIdentifier>
    </Filter>
    <Filter Include="Исходные файлы\zbxcommon">
      <UniqueIdentifier>{56680095-2387-49e4-9b18-49406b6aca93}</UniqueIdentifier>
    </Filter>
    <Filter Include="Исходные файлы\zbxconf">
      <UniqueIdentifier>{e7fd58e4-f4c2-46c0-ae1a-833e3bb2e477}</UniqueIdentifier>
    </Filter>
    <Filter Include="Исходные файлы\zbxcrypto">
      <UniqueIdentifier>{60045858-8a97-49cc-a9c4-912d864836c9}</UniqueIdentifier>
    </Filter>
    <Filter Include="Исходные файлы\zbxjson">
      <UniqueIdentifier>{effef52f-9f3e-41e3-86fd-7f48e4c28c7d}</UniqueIdentifier>
    </Filter>
    <Filter Include="Исходные файлы\zbxlog">
      <UniqueIdentifier>{d0fda2a6-3bd0-4dd9-9054-a48ab7d025fe}</UniqueIdentifier>
    </Filter>
    <Filter Include="Исходные файлы\zbxsys">
      <UniqueIdentifier>{6ce3ff05-f4a2-4d53-86b8-0e3c9f10f612}</UniqueIdentifier>
    </Filter>
    <Filter Include="Исходные файлы\zbxwin32">
      <UniqueIdentifier>{f54f81df-de7c-4cbb-9a8f-5dcab80afc08}</UniqueIdentifier>
    </Filter>
    <Filter Include="Исходные файлы\zbxalgo">
      <UniqueIdentifier>{361f14b6-3142-4c2a-9691-7f4abedeaaad}</UniqueIdentifier>
    </Filter>
    <Filter Include="Исходные файлы\zbxregexp">
      <UniqueIdentifier>{839fb68f-00f4-41ab-a7d1-d0c742d1be9d}</UniqueIdentifier>
    </Filter>
    <Filter Include="Исходные файлы\zbxcommshigh">
      <UniqueIdentifier>{d09f85a9-41f5-4f54-816f-e4cc5c60f595}</UniqueIdentifier>
    </Filter>
  </ItemGroup>
  <ItemGroup>
    <ClCompile Include="..\..\src\libs\zbxcomms\comms.c">
      <Filter>Исходные файлы\zbxcomms</Filter>
    </ClCompile>
    <ClCompile Include="..\..\src\libs\zbxcompress\compress.c">
      <Filter>Исходные файлы\zbxcompress</Filter>
    </ClCompile>
    <ClCompile Include="..\..\src\libs\zbxcommon\iprange.c">
      <Filter>Исходные файлы\zbxcommon</Filter>
    </ClCompile>
    <ClCompile Include="..\..\src\libs\zbxcommon\misc.c">
      <Filter>Исходные файлы\zbxcommon</Filter>
    </ClCompile>
    <ClCompile Include="..\..\src\libs\zbxcommon\str.c">
      <Filter>Исходные файлы\zbxcommon</Filter>
    </ClCompile>
    <ClCompile Include="..\..\src\libs\zbxcommon\variant.c">
      <Filter>Исходные файлы\zbxcommon</Filter>
    </ClCompile>
    <ClCompile Include="..\..\src\libs\zbxcommon\xml.c">
      <Filter>Исходные файлы\zbxcommon</Filter>
    </ClCompile>
    <ClCompile Include="..\..\src\zabbix_sender\zabbix_sender.c">
      <Filter>Исходные файлы</Filter>
    </ClCompile>
    <ClCompile Include="..\..\src\libs\zbxcommon\zbxgetopt.c">
      <Filter>Исходные файлы\zbxcommon</Filter>
    </ClCompile>
    <ClCompile Include="..\..\src\libs\zbxconf\cfg.c">
      <Filter>Исходные файлы\zbxconf</Filter>
    </ClCompile>
    <ClCompile Include="..\..\src\libs\zbxcrypto\base64.c">
      <Filter>Исходные файлы\zbxcrypto</Filter>
    </ClCompile>
    <ClCompile Include="..\..\src\libs\zbxcrypto\md5.c">
      <Filter>Исходные файлы\zbxcrypto</Filter>
    </ClCompile>
    <ClCompile Include="..\..\src\libs\zbxcrypto\tls.c">
      <Filter>Исходные файлы\zbxcrypto</Filter>
    </ClCompile>
    <ClCompile Include="..\..\src\libs\zbxjson\json.c">
      <Filter>Исходные файлы\zbxjson</Filter>
    </ClCompile>
    <ClCompile Include="..\..\src\libs\zbxjson\json_parser.c">
      <Filter>Исходные файлы\zbxjson</Filter>
    </ClCompile>
    <ClCompile Include="..\..\src\libs\zbxjson\jsonpath.c">
      <Filter>Исходные файлы\zbxjson</Filter>
    </ClCompile>
    <ClCompile Include="..\..\src\libs\zbxlog\log.c">
      <Filter>Исходные файлы\zbxlog</Filter>
    </ClCompile>
    <ClCompile Include="..\..\src\libs\zbxsys\mutexs.c">
      <Filter>Исходные файлы\zbxsys</Filter>
    </ClCompile>
    <ClCompile Include="..\..\src\libs\zbxsys\symbols.c">
      <Filter>Исходные файлы\zbxsys</Filter>
    </ClCompile>
    <ClCompile Include="..\..\src\libs\zbxsys\threads.c">
      <Filter>Исходные файлы\zbxsys</Filter>
    </ClCompile>
    <ClCompile Include="..\..\src\libs\zbxwin32\fatal.c">
      <Filter>Исходные файлы\zbxwin32</Filter>
    </ClCompile>
    <ClCompile Include="..\..\src\libs\zbxalgo\algodefs.c">
      <Filter>Исходные файлы\zbxalgo</Filter>
    </ClCompile>
    <ClCompile Include="..\..\src\libs\zbxalgo\vector.c">
      <Filter>Исходные файлы\zbxalgo</Filter>
    </ClCompile>
    <ClCompile Include="..\..\src\libs\zbxregexp\zbxregexp.c">
      <Filter>Исходные файлы\zbxregexp</Filter>
    </ClCompile>
    <ClCompile Include="..\..\src\libs\zbxcommon\comms.c">
      <Filter>Исходные файлы\zbxcommon</Filter>
    </ClCompile>
    <ClCompile Include="..\..\src\libs\zbxcrypto\tls_version.c">
      <Filter>Исходные файлы\zbxcrypto</Filter>
    </ClCompile>
    <ClCompile Include="..\..\src\libs\zbxcommshigh\comms.c">
      <Filter>Исходные файлы\zbxcommshigh</Filter>
    </ClCompile>
    <ClCompile Include="..\..\src\libs\zbxalgo\hashset.c">
      <Filter>Исходные файлы\zbxalgo</Filter>
    </ClCompile>
    <ClCompile Include="..\..\src\libs\zbxjson\jsonobj.c">
      <Filter>Исходные файлы\zbxjson</Filter>
    </ClCompile>
    <ClCompile Include="..\..\src\libs\zbxcrypto\crypto.c">
      <Filter>Исходные файлы\zbxcrypto</Filter>
    </ClCompile>
    <ClCompile Include="..\..\src\libs\zbxcommon\time.c">
      <Filter>Исходные файлы\zbxcommon</Filter>
    </ClCompile>
  </ItemGroup>
  <ItemGroup>
    <ClInclude Include="..\resource.h">
      <Filter>Файлы заголовков</Filter>
    </ClInclude>
  </ItemGroup>
  <ItemGroup>
    <ResourceCompile Include="resource.rc">
      <Filter>Файлы ресурсов</Filter>
    </ResourceCompile>
  </ItemGroup>
</Project>